
Microsoft Visual Studio Solution File, Format Version 12.00
# Visual Studio Version 17
VisualStudioVersion = 17.11.35303.130
MinimumVisualStudioVersion = 10.0.40219.1
Project("{9A19103F-16F7-4668-BE54-9A1E7A4F7556}") = "PortalCommunications", "PortalCommunications\PortalCommunications.csproj", "{C485E639-3F6C-43AD-8CDA-0727B4B986F3}"
EndProject
Global
	GlobalSection(SolutionConfigurationPlatforms) = preSolution
		Debug|Any CPU = Debug|Any CPU
		Release|Any CPU = Release|Any CPU
	EndGlobalSection
	GlobalSection(ProjectConfigurationPlatforms) = postSolution
		{C485E639-3F6C-43AD-8CDA-0727B4B986F3}.Debug|Any CPU.ActiveCfg = Debug|Any CPU
		{C485E639-3F6C-43AD-8CDA-0727B4B986F3}.Debug|Any CPU.Build.0 = Debug|Any CPU
		{C485E639-3F6C-43AD-8CDA-0727B4B986F3}.Release|Any CPU.ActiveCfg = Release|Any CPU
		{C485E639-3F6C-43AD-8CDA-0727B4B986F3}.Release|Any CPU.Build.0 = Release|Any CPU
	EndGlobalSection
	GlobalSection(SolutionProperties) = preSolution
		HideSolutionNode = FALSE
	EndGlobalSection
	GlobalSection(ExtensibilityGlobals) = postSolution
		SolutionGuid = {693B876B-8BF8-4446-A4D5-88664841E1FB}
	EndGlobalSection
EndGlobal
